
Microsoft Visual Studio Solution File, Format Version 12.00
# Visual Studio Version 17
VisualStudioVersion = 17.5.002.0
MinimumVisualStudioVersion = 10.0.40219.1
Project("{9A19103F-16F7-4668-BE54-9A1E7A4F7556}") = "GraphQLBlog", "GraphQLBlog.csproj", "{FDAC0216-59E5-495D-8167-BEDFFF92BC14}"
EndProject
Global
	GlobalSection(SolutionConfigurationPlatforms) = preSolution
		Debug|Any CPU = Debug|Any CPU
		Release|Any CPU = Release|Any CPU
	EndGlobalSection
	GlobalSection(ProjectConfigurationPlatforms) = postSolution
		{FDAC0216-59E5-495D-8167-BEDFFF92BC14}.Debug|Any CPU.ActiveCfg = Debug|Any CPU
		{FDAC0216-59E5-495D-8167-BEDFFF92BC14}.Debug|Any CPU.Build.0 = Debug|Any CPU
		{FDAC0216-59E5-495D-8167-BEDFFF92BC14}.Release|Any CPU.ActiveCfg = Release|Any CPU
		{FDAC0216-59E5-495D-8167-BEDFFF92BC14}.Release|Any CPU.Build.0 = Release|Any CPU
	EndGlobalSection
	GlobalSection(SolutionProperties) = preSolution
		HideSolutionNode = FALSE
	EndGlobalSection
	GlobalSection(ExtensibilityGlobals) = postSolution
		SolutionGuid = {C0CC712E-DF0A-4927-97A3-3601CD992A63}
	EndGlobalSection
EndGlobal
